// !$*UTF8*$!
{
	archiveVersion = 1;
	classes = {
	};
	objectVersion = 50;
	objects = {

/* Begin PBXBuildFile section */
		D124AE5B25B0E5580031AC97 /* AppDelegate.swift in Sources */ = {isa = PBXBuildFile; fileRef = D124AE5A25B0E5580031AC97 /* AppDelegate.swift */; };
		D124AE5D25B0E5580031AC97 /* SceneDelegate.swift in Sources */ = {isa = PBXBuildFile; fileRef = D124AE5C25B0E5580031AC97 /* SceneDelegate.swift */; };
		D124AE6225B0E5580031AC97 /* Main.storyboard in Resources */ = {isa = PBXBuildFile; fileRef = D124AE6025B0E5580031AC97 /* Main.storyboard */; };
		D124AE6425B0E55C0031AC97 /* Assets.xcassets in Resources */ = {isa = PBXBuildFile; fileRef = D124AE6325B0E55C0031AC97 /* Assets.xcassets */; };
		D124AE6725B0E55C0031AC97 /* LaunchScreen.storyboard in Resources */ = {isa = PBXBuildFile; fileRef = D124AE6525B0E55C0031AC97 /* LaunchScreen.storyboard */; };
		D124AE7125B0E89B0031AC97 /* AppCoordinator.swift in Sources */ = {isa = PBXBuildFile; fileRef = D124AE7025B0E89B0031AC97 /* AppCoordinator.swift */; };
		D124AE7425B0E9110031AC97 /* CounterListViewController.swift in Sources */ = {isa = PBXBuildFile; fileRef = D124AE7325B0E9110031AC97 /* CounterListViewController.swift */; };
		D124AE7B25B0E93C0031AC97 /* CounterListCoordinator.swift in Sources */ = {isa = PBXBuildFile; fileRef = D124AE7A25B0E93C0031AC97 /* CounterListCoordinator.swift */; };
		D124AE8425B0F8DA0031AC97 /* Extension.swift in Sources */ = {isa = PBXBuildFile; fileRef = D124AE8325B0F8DA0031AC97 /* Extension.swift */; };
		D124AE8925B0F9990031AC97 /* CounterListViewModel.swift in Sources */ = {isa = PBXBuildFile; fileRef = D124AE8825B0F9990031AC97 /* CounterListViewModel.swift */; };
		D124AE9025B1171E0031AC97 /* CounterCell.swift in Sources */ = {isa = PBXBuildFile; fileRef = D124AE8F25B1171E0031AC97 /* CounterCell.swift */; };
		D124AE9625B21A1B0031AC97 /* HeaderView.swift in Sources */ = {isa = PBXBuildFile; fileRef = D124AE9525B21A1B0031AC97 /* HeaderView.swift */; };
		D124AE9925B244D70031AC97 /* CounterCellViewModel.swift in Sources */ = {isa = PBXBuildFile; fileRef = D124AE9825B244D70031AC97 /* CounterCellViewModel.swift */; };
		D124AE9D25B33B6C0031AC97 /* CounterDataModel.xcdatamodeld in Sources */ = {isa = PBXBuildFile; fileRef = D124AE9B25B33B6C0031AC97 /* CounterDataModel.xcdatamodeld */; };
/* End PBXBuildFile section */

/* Begin PBXFileReference section */
		D124AE5725B0E5580031AC97 /* Counter.app */ = {isa = PBXFileReference; explicitFileType = wrapper.application; includeInIndex = 0; path = Counter.app; sourceTree = BUILT_PRODUCTS_DIR; };
		D124AE5A25B0E5580031AC97 /* AppDelegate.swift */ = {isa = PBXFileReference; lastKnownFileType = sourcecode.swift; path = AppDelegate.swift; sourceTree = "<group>"; };
		D124AE5C25B0E5580031AC97 /* SceneDelegate.swift */ = {isa = PBXFileReference; lastKnownFileType = sourcecode.swift; path = SceneDelegate.swift; sourceTree = "<group>"; };
		D124AE6125B0E5580031AC97 /* Base */ = {isa = PBXFileReference; lastKnownFileType = file.storyboard; name = Base; path = Base.lproj/Main.storyboard; sourceTree = "<group>"; };
		D124AE6325B0E55C0031AC97 /* Assets.xcassets */ = {isa = PBXFileReference; lastKnownFileType = folder.assetcatalog; path = Assets.xcassets; sourceTree = "<group>"; };
		D124AE6625B0E55C0031AC97 /* Base */ = {isa = PBXFileReference; lastKnownFileType = file.storyboard; name = Base; path = Base.lproj/LaunchScreen.storyboard; sourceTree = "<group>"; };
		D124AE6825B0E55C0031AC97 /* Info.plist */ = {isa = PBXFileReference; lastKnownFileType = text.plist.xml; path = Info.plist; sourceTree = "<group>"; };
		D124AE7025B0E89B0031AC97 /* AppCoordinator.swift */ = {isa = PBXFileReference; lastKnownFileType = sourcecode.swift; path = AppCoordinator.swift; sourceTree = "<group>"; };
		D124AE7325B0E9110031AC97 /* CounterListViewController.swift */ = {isa = PBXFileReference; lastKnownFileType = sourcecode.swift; path = CounterListViewController.swift; sourceTree = "<group>"; };
		D124AE7A25B0E93C0031AC97 /* CounterListCoordinator.swift */ = {isa = PBXFileReference; lastKnownFileType = sourcecode.swift; path = CounterListCoordinator.swift; sourceTree = "<group>"; };
		D124AE8325B0F8DA0031AC97 /* Extension.swift */ = {isa = PBXFileReference; lastKnownFileType = sourcecode.swift; path = Extension.swift; sourceTree = "<group>"; };
		D124AE8825B0F9990031AC97 /* CounterListViewModel.swift */ = {isa = PBXFileReference; lastKnownFileType = sourcecode.swift; path = CounterListViewModel.swift; sourceTree = "<group>"; };
		D124AE8F25B1171E0031AC97 /* CounterCell.swift */ = {isa = PBXFileReference; lastKnownFileType = sourcecode.swift; path = CounterCell.swift; sourceTree = "<group>"; };
		D124AE9525B21A1B0031AC97 /* HeaderView.swift */ = {isa = PBXFileReference; lastKnownFileType = sourcecode.swift; path = HeaderView.swift; sourceTree = "<group>"; };
		D124AE9825B244D70031AC97 /* CounterCellViewModel.swift */ = {isa = PBXFileReference; lastKnownFileType = sourcecode.swift; path = CounterCellViewModel.swift; sourceTree = "<group>"; };
		D124AE9C25B33B6C0031AC97 /* CounterDataModel.xcdatamodel */ = {isa = PBXFileReference; lastKnownFileType = wrapper.xcdatamodel; path = CounterDataModel.xcdatamodel; sourceTree = "<group>"; };
/* End PBXFileReference section */

/* Begin PBXFrameworksBuildPhase section */
		D124AE5425B0E5580031AC97 /* Frameworks */ = {
			isa = PBXFrameworksBuildPhase;
			buildActionMask = 2147483647;
			files = (
			);
			runOnlyForDeploymentPostprocessing = 0;
		};
/* End PBXFrameworksBuildPhase section */

/* Begin PBXGroup section */
		D124AE4E25B0E5580031AC97 = {
			isa = PBXGroup;
			children = (
				D124AE5925B0E5580031AC97 /* Counter */,
				D124AE5825B0E5580031AC97 /* Products */,
			);
			sourceTree = "<group>";
		};
		D124AE5825B0E5580031AC97 /* Products */ = {
			isa = PBXGroup;
			children = (
				D124AE5725B0E5580031AC97 /* Counter.app */,
			);
			name = Products;
			sourceTree = "<group>";
		};
		D124AE5925B0E5580031AC97 /* Counter */ = {
			isa = PBXGroup;
			children = (
				D124AE5A25B0E5580031AC97 /* AppDelegate.swift */,
				D124AE5C25B0E5580031AC97 /* SceneDelegate.swift */,
				D124AE7D25B0E9460031AC97 /* Cooordinators */,
				D124AE9225B117490031AC97 /* Views */,
				D124AE8B25B0FA460031AC97 /* ViewModels */,
				D124AE7725B0E9190031AC97 /* Controllers */,
				D124AE8625B0F91E0031AC97 /* Extension */,
				D124AE6025B0E5580031AC97 /* Main.storyboard */,
				D124AE6325B0E55C0031AC97 /* Assets.xcassets */,
				D124AE6525B0E55C0031AC97 /* LaunchScreen.storyboard */,
				D124AE6825B0E55C0031AC97 /* Info.plist */,
				D124AE9B25B33B6C0031AC97 /* CounterDataModel.xcdatamodeld */,
			);
			path = Counter;
			sourceTree = "<group>";
		};
		D124AE7725B0E9190031AC97 /* Controllers */ = {
			isa = PBXGroup;
			children = (
				D124AE7325B0E9110031AC97 /* CounterListViewController.swift */,
			);
			path = Controllers;
			sourceTree = "<group>";
		};
		D124AE7D25B0E9460031AC97 /* Cooordinators */ = {
			isa = PBXGroup;
			children = (
				D124AE7025B0E89B0031AC97 /* AppCoordinator.swift */,
				D124AE7A25B0E93C0031AC97 /* CounterListCoordinator.swift */,
			);
			path = Cooordinators;
			sourceTree = "<group>";
		};
		D124AE8625B0F91E0031AC97 /* Extension */ = {
			isa = PBXGroup;
			children = (
				D124AE8325B0F8DA0031AC97 /* Extension.swift */,
			);
			path = Extension;
			sourceTree = "<group>";
		};
		D124AE8B25B0FA460031AC97 /* ViewModels */ = {
			isa = PBXGroup;
			children = (
				D124AE8825B0F9990031AC97 /* CounterListViewModel.swift */,
				D124AE9825B244D70031AC97 /* CounterCellViewModel.swift */,
			);
			path = ViewModels;
			sourceTree = "<group>";
		};
		D124AE9225B117490031AC97 /* Views */ = {
			isa = PBXGroup;
			children = (
				D124AE8F25B1171E0031AC97 /* CounterCell.swift */,
				D124AE9525B21A1B0031AC97 /* HeaderView.swift */,
			);
			path = Views;
			sourceTree = "<group>";
		};
/* End PBXGroup section */

/* Begin PBXNativeTarget section */
		D124AE5625B0E5580031AC97 /* Counter */ = {
			isa = PBXNativeTarget;
			buildConfigurationList = D124AE6B25B0E55C0031AC97 /* Build configuration list for PBXNativeTarget "Counter" */;
			buildPhases = (
				D124AE5325B0E5580031AC97 /* Sources */,
				D124AE5425B0E5580031AC97 /* Frameworks */,
				D124AE5525B0E5580031AC97 /* Resources */,
			);
			buildRules = (
			);
			dependencies = (
			);
			name = Counter;
			productName = Counter;
			productReference = D124AE5725B0E5580031AC97 /* Counter.app */;
			productType = "com.apple.product-type.application";
		};
/* End PBXNativeTarget section */

/* Begin PBXProject section */
		D124AE4F25B0E5580031AC97 /* Project object */ = {
			isa = PBXProject;
			attributes = {
				LastSwiftUpdateCheck = 1230;
				LastUpgradeCheck = 1230;
				TargetAttributes = {
					D124AE5625B0E5580031AC97 = {
						CreatedOnToolsVersion = 12.3;
					};
				};
			};
			buildConfigurationList = D124AE5225B0E5580031AC97 /* Build configuration list for PBXProject "Counter" */;
			compatibilityVersion = "Xcode 9.3";
			developmentRegion = en;
			hasScannedForEncodings = 0;
			knownRegions = (
				en,
				Base,
			);
			mainGroup = D124AE4E25B0E5580031AC97;
			productRefGroup = D124AE5825B0E5580031AC97 /* Products */;
			projectDirPath = "";
			projectRoot = "";
			targets = (
				D124AE5625B0E5580031AC97 /* Counter */,
			);
		};
/* End PBXProject section */

/* Begin PBXResourcesBuildPhase section */
		D124AE5525B0E5580031AC97 /* Resources */ = {
			isa = PBXResourcesBuildPhase;
			buildActionMask = 2147483647;
			files = (
				D124AE6725B0E55C0031AC97 /* LaunchScreen.storyboard in Resources */,
				D124AE6425B0E55C0031AC97 /* Assets.xcassets in Resources */,
				D124AE6225B0E5580031AC97 /* Main.storyboard in Resources */,
			);
			runOnlyForDeploymentPostprocessing = 0;
		};
/* End PBXResourcesBuildPhase section */

/* Begin PBXSourcesBuildPhase section */
		D124AE5325B0E5580031AC97 /* Sources */ = {
			isa = PBXSourcesBuildPhase;
			buildActionMask = 2147483647;
			files = (
				D124AE9D25B33B6C0031AC97 /* CounterDataModel.xcdatamodeld in Sources */,
				D124AE7425B0E9110031AC97 /* CounterListViewController.swift in Sources */,
				D124AE9625B21A1B0031AC97 /* HeaderView.swift in Sources */,
				D124AE7125B0E89B0031AC97 /* AppCoordinator.swift in Sources */,
				D124AE5B25B0E5580031AC97 /* AppDelegate.swift in Sources */,
				D124AE8425B0F8DA0031AC97 /* Extension.swift in Sources */,
				D124AE9925B244D70031AC97 /* CounterCellViewModel.swift in Sources */,
				D124AE9025B1171E0031AC97 /* CounterCell.swift in Sources */,
				D124AE7B25B0E93C0031AC97 /* CounterListCoordinator.swift in Sources */,
				D124AE5D25B0E5580031AC97 /* SceneDelegate.swift in Sources */,
				D124AE8925B0F9990031AC97 /* CounterListViewModel.swift in Sources */,
			);
			runOnlyForDeploymentPostprocessing = 0;
		};
/* End PBXSourcesBuildPhase section */

/* Begin PBXVariantGroup section */
		D124AE6025B0E5580031AC97 /* Main.storyboard */ = {
			isa = PBXVariantGroup;
			children = (
				D124AE6125B0E5580031AC97 /* Base */,
			);
			name = Main.storyboard;
			sourceTree = "<group>";
		};
		D124AE6525B0E55C0031AC97 /* LaunchScreen.storyboard */ = {
			isa = PBXVariantGroup;
			children = (
				D124AE6625B0E55C0031AC97 /* Base */,
			);
			name = LaunchScreen.storyboard;
			sourceTree = "<group>";
		};
/* End PBXVariantGroup section */

/* Begin XCBuildConfiguration section */
		D124AE6925B0E55C0031AC97 /* Debug */ = {
			isa = XCBuildConfiguration;
			buildSettings = {
				ALWAYS_SEARCH_USER_PATHS = NO;
				CLANG_ANALYZER_NONNULL = YES;
				CLANG_ANALYZER_NUMBER_OBJECT_CONVERSION = YES_AGGRESSIVE;
				CLANG_CXX_LANGUAGE_STANDARD = "gnu++14";
				CLANG_CXX_LIBRARY = "libc++";
				CLANG_ENABLE_MODULES = YES;
				CLANG_ENABLE_OBJC_ARC = YES;
				CLANG_ENABLE_OBJC_WEAK = YES;
				CLANG_WARN_BLOCK_CAPTURE_AUTORELEASING = YES;
				CLANG_WARN_BOOL_CONVERSION = YES;
				CLANG_WARN_COMMA = YES;
				CLANG_WARN_CONSTANT_CONVERSION = YES;
				CLANG_WARN_DEPRECATED_OBJC_IMPLEMENTATIONS = YES;
				CLANG_WARN_DIRECT_OBJC_ISA_USAGE = YES_ERROR;
				CLANG_WARN_DOCUMENTATION_COMMENTS = YES;
				CLANG_WARN_EMPTY_BODY = YES;
				CLANG_WARN_ENUM_CONVERSION = YES;
				CLANG_WARN_INFINITE_RECURSION = YES;
				CLANG_WARN_INT_CONVERSION = YES;
				CLANG_WARN_NON_LITERAL_NULL_CONVERSION = YES;
				CLANG_WARN_OBJC_IMPLICIT_RETAIN_SELF = YES;
				CLANG_WARN_OBJC_LITERAL_CONVERSION = YES;
				CLANG_WARN_OBJC_ROOT_CLASS = YES_ERROR;
				CLANG_WARN_QUOTED_INCLUDE_IN_FRAMEWORK_HEADER = YES;
				CLANG_WARN_RANGE_LOOP_ANALYSIS = YES;
				CLANG_WARN_STRICT_PROTOTYPES = YES;
				CLANG_WARN_SUSPICIOUS_MOVE = YES;
				CLANG_WARN_UNGUARDED_AVAILABILITY = YES_AGGRESSIVE;
				CLANG_WARN_UNREACHABLE_CODE = YES;
				CLANG_WARN__DUPLICATE_METHOD_MATCH = YES;
				COPY_PHASE_STRIP = NO;
				DEBUG_INFORMATION_FORMAT = dwarf;
				ENABLE_STRICT_OBJC_MSGSEND = YES;
				ENABLE_TESTABILITY = YES;
				GCC_C_LANGUAGE_STANDARD = gnu11;
				GCC_DYNAMIC_NO_PIC = NO;
				GCC_NO_COMMON_BLOCKS = YES;
				GCC_OPTIMIZATION_LEVEL = 0;
				GCC_PREPROCESSOR_DEFINITIONS = (
					"DEBUG=1",
					"$(inherited)",
				);
				GCC_WARN_64_TO_32_BIT_CONVERSION = YES;
				GCC_WARN_ABOUT_RETURN_TYPE = YES_ERROR;
				GCC_WARN_UNDECLARED_SELECTOR = YES;
				GCC_WARN_UNINITIALIZED_AUTOS = YES_AGGRESSIVE;
				GCC_WARN_UNUSED_FUNCTION = YES;
				GCC_WARN_UNUSED_VARIABLE = YES;
				IBSC_FLATTEN_NIBS = YES;
				IPHONEOS_DEPLOYMENT_TARGET = 14.3;
				MTL_ENABLE_DEBUG_INFO = INCLUDE_SOURCE;
				MTL_FAST_MATH = YES;
				ONLY_ACTIVE_ARCH = YES;
				SDKROOT = iphoneos;
				SWIFT_ACTIVE_COMPILATION_CONDITIONS = DEBUG;
				SWIFT_OPTIMIZATION_LEVEL = "-Onone";
			};
			name = Debug;
		};
		D124AE6A25B0E55C0031AC97 /* Release */ = {
			isa = XCBuildConfiguration;
			buildSettings = {
				ALWAYS_SEARCH_USER_PATHS = NO;
				CLANG_ANALYZER_NONNULL = YES;
				CLANG_ANALYZER_NUMBER_OBJECT_CONVERSION = YES_AGGRESSIVE;
				CLANG_CXX_LANGUAGE_STANDARD = "gnu++14";
				CLANG_CXX_LIBRARY = "libc++";
				CLANG_ENABLE_MODULES = YES;
				CLANG_ENABLE_OBJC_ARC = YES;
				CLANG_ENABLE_OBJC_WEAK = YES;
				CLANG_WARN_BLOCK_CAPTURE_AUTORELEASING = YES;
				CLANG_WARN_BOOL_CONVERSION = YES;
				CLANG_WARN_COMMA = YES;
				CLANG_WARN_CONSTANT_CONVERSION = YES;
				CLANG_WARN_DEPRECATED_OBJC_IMPLEMENTATIONS = YES;
				CLANG_WARN_DIRECT_OBJC_ISA_USAGE = YES_ERROR;
				CLANG_WARN_DOCUMENTATION_COMMENTS = YES;
				CLANG_WARN_EMPTY_BODY = YES;
				CLANG_WARN_ENUM_CONVERSION = YES;
				CLANG_WARN_INFINITE_RECURSION = YES;
				CLANG_WARN_INT_CONVERSION = YES;
				CLANG_WARN_NON_LITERAL_NULL_CONVERSION = YES;
				CLANG_WARN_OBJC_IMPLICIT_RETAIN_SELF = YES;
				CLANG_WARN_OBJC_LITERAL_CONVERSION = YES;
				CLANG_WARN_OBJC_ROOT_CLASS = YES_ERROR;
				CLANG_WARN_QUOTED_INCLUDE_IN_FRAMEWORK_HEADER = YES;
				CLANG_WARN_RANGE_LOOP_ANALYSIS = YES;
				CLANG_WARN_STRICT_PROTOTYPES = YES;
				CLANG_WARN_SUSPICIOUS_MOVE = YES;
				CLANG_WARN_UNGUARDED_AVAILABILITY = YES_AGGRESSIVE;
				CLANG_WARN_UNREACHABLE_CODE = YES;
				CLANG_WARN__DUPLICATE_METHOD_MATCH = YES;
				COPY_PHASE_STRIP = NO;
				DEBUG_INFORMATION_FORMAT = "dwarf-with-dsym";
				ENABLE_NS_ASSERTIONS = NO;
				ENABLE_STRICT_OBJC_MSGSEND = YES;
				GCC_C_LANGUAGE_STANDARD = gnu11;
				GCC_NO_COMMON_BLOCKS = YES;
				GCC_WARN_64_TO_32_BIT_CONVERSION = YES;
				GCC_WARN_ABOUT_RETURN_TYPE = YES_ERROR;
				GCC_WARN_UNDECLARED_SELECTOR = YES;
				GCC_WARN_UNINITIALIZED_AUTOS = YES_AGGRESSIVE;
				GCC_WARN_UNUSED_FUNCTION = YES;
				GCC_WARN_UNUSED_VARIABLE = YES;
				IBSC_FLATTEN_NIBS = YES;
				IPHONEOS_DEPLOYMENT_TARGET = 14.3;
				MTL_ENABLE_DEBUG_INFO = NO;
				MTL_FAST_MATH = YES;
				SDKROOT = iphoneos;
				SWIFT_COMPILATION_MODE = wholemodule;
				SWIFT_OPTIMIZATION_LEVEL = "-O";
				VALIDATE_PRODUCT = YES;
			};
			name = Release;
		};
		D124AE6C25B0E55C0031AC97 /* Debug */ = {
			isa = XCBuildConfiguration;
			buildSettings = {
				ASSETCATALOG_COMPILER_APPICON_NAME = AppIcon;
				ASSETCATALOG_COMPILER_GLOBAL_ACCENT_COLOR_NAME = AccentColor;
				CODE_SIGN_STYLE = Automatic;
				DEVELOPMENT_TEAM = Z56UVR5Q3Z;
				INFOPLIST_FILE = Counter/Info.plist;
				IPHONEOS_DEPLOYMENT_TARGET = 14.0;
				LD_RUNPATH_SEARCH_PATHS = (
					"$(inherited)",
					"@executable_path/Frameworks",
				);
				PRODUCT_BUNDLE_IDENTIFIER = com.justynakowalkowska.Counter;
				PRODUCT_NAME = "$(TARGET_NAME)";
				SWIFT_VERSION = 5.0;
				TARGETED_DEVICE_FAMILY = "1,2";
			};
			name = Debug;
		};
		D124AE6D25B0E55C0031AC97 /* Release */ = {
			isa = XCBuildConfiguration;
			buildSettings = {
				ASSETCATALOG_COMPILER_APPICON_NAME = AppIcon;
				ASSETCATALOG_COMPILER_GLOBAL_ACCENT_COLOR_NAME = AccentColor;
				CODE_SIGN_STYLE = Automatic;
				DEVELOPMENT_TEAM = Z56UVR5Q3Z;
				INFOPLIST_FILE = Counter/Info.plist;
				IPHONEOS_DEPLOYMENT_TARGET = 14.0;
				LD_RUNPATH_SEARCH_PATHS = (
					"$(inherited)",
					"@executable_path/Frameworks",
				);
				PRODUCT_BUNDLE_IDENTIFIER = com.justynakowalkowska.Counter;
				PRODUCT_NAME = "$(TARGET_NAME)";
				SWIFT_VERSION = 5.0;
				TARGETED_DEVICE_FAMILY = "1,2";
			};
			name = Release;
		};
/* End XCBuildConfiguration section */

/* Begin XCConfigurationList section */
		D124AE5225B0E5580031AC97 /* Build configuration list for PBXProject "Counter" */ = {
			isa = XCConfigurationList;
			buildConfigurations = (
				D124AE6925B0E55C0031AC97 /* Debug */,
				D124AE6A25B0E55C0031AC97 /* Release */,
			);
			defaultConfigurationIsVisible = 0;
			defaultConfigurationName = Release;
		};
		D124AE6B25B0E55C0031AC97 /* Build configuration list for PBXNativeTarget "Counter" */ = {
			isa = XCConfigurationList;
			buildConfigurations = (
				D124AE6C25B0E55C0031AC97 /* Debug */,
				D124AE6D25B0E55C0031AC97 /* Release */,
			);
			defaultConfigurationIsVisible = 0;
			defaultConfigurationName = Release;
		};
/* End XCConfigurationList section */

/* Begin XCVersionGroup section */
		D124AE9B25B33B6C0031AC97 /* CounterDataModel.xcdatamodeld */ = {
			isa = XCVersionGroup;
			children = (
				D124AE9C25B33B6C0031AC97 /* CounterDataModel.xcdatamodel */,
			);
			currentVersion = D124AE9C25B33B6C0031AC97 /* CounterDataModel.xcdatamodel */;
			path = CounterDataModel.xcdatamodeld;
			sourceTree = "<group>";
			versionGroupType = wrapper.xcdatamodel;
		};
/* End XCVersionGroup section */
	};
	rootObject = D124AE4F25B0E5580031AC97 /* Project object */;
}
